
Microsoft Visual Studio Solution File, Format Version 12.00
# Visual Studio 2012
Project("{FAE04EC0-301F-11D3-BF4B-00C04F79EFBC}") = "Consensus", "src\Consensus\Consensus.csproj", "{CC57559D-EC35-47E6-899D-39D57142A830}"
EndProject
Project("{2150E333-8FDC-42A3-9474-1A3956D46DE8}") = ".nuget", ".nuget", "{0EC8F1B9-403C-4E6E-BB0A-5B2CA8D47225}"
	ProjectSection(SolutionItems) = preProject
		.nuget\NuGet.Config = .nuget\NuGet.Config
		.nuget\NuGet.exe = .nuget\NuGet.exe
		.nuget\NuGet.targets = .nuget\NuGet.targets
	EndProjectSection
EndProject
Global
	GlobalSection(SolutionConfigurationPlatforms) = preSolution
		Debug|Any CPU = Debug|Any CPU
		Release|Any CPU = Release|Any CPU
	EndGlobalSection
	GlobalSection(ProjectConfigurationPlatforms) = postSolution
		{CC57559D-EC35-47E6-899D-39D57142A830}.Debug|Any CPU.ActiveCfg = Debug|Any CPU
		{CC57559D-EC35-47E6-899D-39D57142A830}.Debug|Any CPU.Build.0 = Debug|Any CPU
		{CC57559D-EC35-47E6-899D-39D57142A830}.Release|Any CPU.ActiveCfg = Release|Any CPU
		{CC57559D-EC35-47E6-899D-39D57142A830}.Release|Any CPU.Build.0 = Release|Any CPU
	EndGlobalSection
	GlobalSection(SolutionProperties) = preSolution
		HideSolutionNode = FALSE
	EndGlobalSection
EndGlobal
